
Microsoft Visual Studio Solution File, Format Version 12.00
# Visual Studio Version 16
VisualStudioVersion = 16.0.30709.64
MinimumVisualStudioVersion = 15.0.26124.0
Project("{FAE04EC0-301F-11D3-BF4B-00C04F79EFBC}") = "FunctionApp1", "FunctionApp1\FunctionApp1.csproj", "{BBEA4523-B4B1-4EC0-A14C-432540B77D83}"
EndProject
Project("{FAE04EC0-301F-11D3-BF4B-00C04F79EFBC}") = "FunctionApp2", "FunctionApp2\FunctionApp2.csproj", "{2F021C18-909C-4CDD-B684-EA1FB43C899A}"
EndProject
Project("{FAE04EC0-301F-11D3-BF4B-00C04F79EFBC}") = "ConsoleApp1", "ConsoleApp1\ConsoleApp1.csproj", "{F16AF185-80CB-423F-BF09-8164E98EE4F4}"
EndProject
Global
	GlobalSection(SolutionConfigurationPlatforms) = preSolution
		Debug|Any CPU = Debug|Any CPU
		Debug|x64 = Debug|x64
		Debug|x86 = Debug|x86
		Release|Any CPU = Release|Any CPU
		Release|x64 = Release|x64
		Release|x86 = Release|x86
	EndGlobalSection
	GlobalSection(ProjectConfigurationPlatforms) = postSolution
		{BBEA4523-B4B1-4EC0-A14C-432540B77D83}.Debug|Any CPU.ActiveCfg = Debug|Any CPU
		{BBEA4523-B4B1-4EC0-A14C-432540B77D83}.Debug|Any CPU.Build.0 = Debug|Any CPU
		{BBEA4523-B4B1-4EC0-A14C-432540B77D83}.Debug|x64.ActiveCfg = Debug|Any CPU
		{BBEA4523-B4B1-4EC0-A14C-432540B77D83}.Debug|x64.Build.0 = Debug|Any CPU
		{BBEA4523-B4B1-4EC0-A14C-432540B77D83}.Debug|x86.ActiveCfg = Debug|Any CPU
		{BBEA4523-B4B1-4EC0-A14C-432540B77D83}.Debug|x86.Build.0 = Debug|Any CPU
		{BBEA4523-B4B1-4EC0-A14C-432540B77D83}.Release|Any CPU.ActiveCfg = Release|Any CPU
		{BBEA4523-B4B1-4EC0-A14C-432540B77D83}.Release|Any CPU.Build.0 = Release|Any CPU
		{BBEA4523-B4B1-4EC0-A14C-432540B77D83}.Release|x64.ActiveCfg = Release|Any CPU
		{BBEA4523-B4B1-4EC0-A14C-432540B77D83}.Release|x64.Build.0 = Release|Any CPU
		{BBEA4523-B4B1-4EC0-A14C-432540B77D83}.Release|x86.ActiveCfg = Release|Any CPU
		{BBEA4523-B4B1-4EC0-A14C-432540B77D83}.Release|x86.Build.0 = Release|Any CPU
		{2F021C18-909C-4CDD-B684-EA1FB43C899A}.Debug|Any CPU.ActiveCfg = Debug|Any CPU
		{2F021C18-909C-4CDD-B684-EA1FB43C899A}.Debug|Any CPU.Build.0 = Debug|Any CPU
		{2F021C18-909C-4CDD-B684-EA1FB43C899A}.Debug|x64.ActiveCfg = Debug|Any CPU
		{2F021C18-909C-4CDD-B684-EA1FB43C899A}.Debug|x64.Build.0 = Debug|Any CPU
		{2F021C18-909C-4CDD-B684-EA1FB43C899A}.Debug|x86.ActiveCfg = Debug|Any CPU
		{2F021C18-909C-4CDD-B684-EA1FB43C899A}.Debug|x86.Build.0 = Debug|Any CPU
		{2F021C18-909C-4CDD-B684-EA1FB43C899A}.Release|Any CPU.ActiveCfg = Release|Any CPU
		{2F021C18-909C-4CDD-B684-EA1FB43C899A}.Release|Any CPU.Build.0 = Release|Any CPU
		{2F021C18-909C-4CDD-B684-EA1FB43C899A}.Release|x64.ActiveCfg = Release|Any CPU
		{2F021C18-909C-4CDD-B684-EA1FB43C899A}.Release|x64.Build.0 = Release|Any CPU
		{2F021C18-909C-4CDD-B684-EA1FB43C899A}.Release|x86.ActiveCfg = Release|Any CPU
		{2F021C18-909C-4CDD-B684-EA1FB43C899A}.Release|x86.Build.0 = Release|Any CPU
		{F16AF185-80CB-423F-BF09-8164E98EE4F4}.Debug|Any CPU.ActiveCfg = Debug|Any CPU
		{F16AF185-80CB-423F-BF09-8164E98EE4F4}.Debug|Any CPU.Build.0 = Debug|Any CPU
		{F16AF185-80CB-423F-BF09-8164E98EE4F4}.Debug|x64.ActiveCfg = Debug|Any CPU
		{F16AF185-80CB-423F-BF09-8164E98EE4F4}.Debug|x64.Build.0 = Debug|Any CPU
		{F16AF185-80CB-423F-BF09-8164E98EE4F4}.Debug|x86.ActiveCfg = Debug|Any CPU
		{F16AF185-80CB-423F-BF09-8164E98EE4F4}.Debug|x86.Build.0 = Debug|Any CPU
		{F16AF185-80CB-423F-BF09-8164E98EE4F4}.Release|Any CPU.ActiveCfg = Release|Any CPU
		{F16AF185-80CB-423F-BF09-8164E98EE4F4}.Release|Any CPU.Build.0 = Release|Any CPU
		{F16AF185-80CB-423F-BF09-8164E98EE4F4}.Release|x64.ActiveCfg = Release|Any CPU
		{F16AF185-80CB-423F-BF09-8164E98EE4F4}.Release|x64.Build.0 = Release|Any CPU
		{F16AF185-80CB-423F-BF09-8164E98EE4F4}.Release|x86.ActiveCfg = Release|Any CPU
		{F16AF185-80CB-423F-BF09-8164E98EE4F4}.Release|x86.Build.0 = Release|Any CPU
	EndGlobalSection
	GlobalSection(SolutionProperties) = preSolution
		HideSolutionNode = FALSE
	EndGlobalSection
	GlobalSection(ExtensibilityGlobals) = postSolution
		SolutionGuid = {522945D7-4A4F-4FA4-8D60-0EF0E69C4C39}
	EndGlobalSection
EndGlobal
